
Microsoft Visual Studio Solution File, Format Version 12.00
# Visual Studio Version 17
VisualStudioVersion = 17.0.31903.59
MinimumVisualStudioVersion = 10.0.40219.1
Project("{2150E333-8FDC-42A3-9474-1A3956D46DE8}") = "Guest.Microservice", "Guest.Microservice", "{67E59A64-B5DA-46B9-96E0-62978ED4A7FE}"
EndProject
Project("{2150E333-8FDC-42A3-9474-1A3956D46DE8}") = "src", "src", "{4F287354-5F66-40AE-81EF-D8CC88C3FDFF}"
EndProject
Project("{FAE04EC0-301F-11D3-BF4B-00C04F79EFBC}") = "WebApi", "Guest.Microservice\src\WebApi\WebApi.csproj", "{1A3169F1-3CA1-4CD5-B1A5-500D1E400F30}"
EndProject
Project("{FAE04EC0-301F-11D3-BF4B-00C04F79EFBC}") = "Infrastructure", "Guest.Microservice\src\Infrastructure\Infrastructure.csproj", "{40AEADD2-E615-4F44-A257-DEC64C15DDE3}"
EndProject
Project("{FAE04EC0-301F-11D3-BF4B-00C04F79EFBC}") = "Application", "Guest.Microservice\src\Application\Application.csproj", "{50DAD754-9D44-4127-9B35-D72A8657B056}"
EndProject
Project("{FAE04EC0-301F-11D3-BF4B-00C04F79EFBC}") = "Domain", "Guest.Microservice\src\Domain\Domain.csproj", "{BFFB8D0E-D7C0-482D-9F7E-B3E42E14A42F}"
EndProject
Project("{2150E333-8FDC-42A3-9474-1A3956D46DE8}") = "User.Microservice", "User.Microservice", "{2C6AFFC0-B340-4B5C-9762-3DA26AE84965}"
EndProject
Project("{2150E333-8FDC-42A3-9474-1A3956D46DE8}") = "src", "src", "{802A1162-233A-4CFC-842F-D94894E209C4}"
EndProject
Project("{FAE04EC0-301F-11D3-BF4B-00C04F79EFBC}") = "WebApi", "User.Microservice\src\WebApi\WebApi.csproj", "{A2FCA48F-CDCA-4C49-BB60-6A0D4035BF25}"
EndProject
Project("{FAE04EC0-301F-11D3-BF4B-00C04F79EFBC}") = "Domain", "User.Microservice\src\Domain\Domain.csproj", "{68DDED90-E49B-40AB-9877-739AF1D6C3DD}"
EndProject
Project("{FAE04EC0-301F-11D3-BF4B-00C04F79EFBC}") = "Application", "User.Microservice\src\Application\Application.csproj", "{E3FA3796-4EFB-45C7-86F8-4431F46AB7F8}"
EndProject
Project("{FAE04EC0-301F-11D3-BF4B-00C04F79EFBC}") = "Infrastructure", "User.Microservice\src\Infrastructure\Infrastructure.csproj", "{1CDF0A91-3DEC-4700-BD7F-792A244EE8F7}"
EndProject
Project("{FAE04EC0-301F-11D3-BF4B-00C04F79EFBC}") = "SharedLibrary", "SharedLibrary\SharedLibrary.csproj", "{F379A7C2-9A5A-4521-9957-AE08783F2048}"
EndProject
Project("{2150E333-8FDC-42A3-9474-1A3956D46DE8}") = "ApiGateway", "ApiGateway", "{25D181DD-5CC9-F0B3-C64F-91E1AA77FD70}"
EndProject
Project("{FAE04EC0-301F-11D3-BF4B-00C04F79EFBC}") = "src", "ApiGateway\src\src.csproj", "{505A2D98-C084-4077-999D-A635DA2AB2E5}"
EndProject
Global
	GlobalSection(SolutionConfigurationPlatforms) = preSolution
		Debug|Any CPU = Debug|Any CPU
		Debug|x64 = Debug|x64
		Debug|x86 = Debug|x86
		Release|Any CPU = Release|Any CPU
		Release|x64 = Release|x64
		Release|x86 = Release|x86
	EndGlobalSection
	GlobalSection(ProjectConfigurationPlatforms) = postSolution
		{1A3169F1-3CA1-4CD5-B1A5-500D1E400F30}.Debug|Any CPU.ActiveCfg = Debug|Any CPU
		{1A3169F1-3CA1-4CD5-B1A5-500D1E400F30}.Debug|Any CPU.Build.0 = Debug|Any CPU
		{1A3169F1-3CA1-4CD5-B1A5-500D1E400F30}.Debug|x64.ActiveCfg = Debug|Any CPU
		{1A3169F1-3CA1-4CD5-B1A5-500D1E400F30}.Debug|x64.Build.0 = Debug|Any CPU
		{1A3169F1-3CA1-4CD5-B1A5-500D1E400F30}.Debug|x86.ActiveCfg = Debug|Any CPU
		{1A3169F1-3CA1-4CD5-B1A5-500D1E400F30}.Debug|x86.Build.0 = Debug|Any CPU
		{1A3169F1-3CA1-4CD5-B1A5-500D1E400F30}.Release|Any CPU.ActiveCfg = Release|Any CPU
		{1A3169F1-3CA1-4CD5-B1A5-500D1E400F30}.Release|Any CPU.Build.0 = Release|Any CPU
		{1A3169F1-3CA1-4CD5-B1A5-500D1E400F30}.Release|x64.ActiveCfg = Release|Any CPU
		{1A3169F1-3CA1-4CD5-B1A5-500D1E400F30}.Release|x64.Build.0 = Release|Any CPU
		{1A3169F1-3CA1-4CD5-B1A5-500D1E400F30}.Release|x86.ActiveCfg = Release|Any CPU
		{1A3169F1-3CA1-4CD5-B1A5-500D1E400F30}.Release|x86.Build.0 = Release|Any CPU
		{40AEADD2-E615-4F44-A257-DEC64C15DDE3}.Debug|Any CPU.ActiveCfg = Debug|Any CPU
		{40AEADD2-E615-4F44-A257-DEC64C15DDE3}.Debug|Any CPU.Build.0 = Debug|Any CPU
		{40AEADD2-E615-4F44-A257-DEC64C15DDE3}.Debug|x64.ActiveCfg = Debug|Any CPU
		{40AEADD2-E615-4F44-A257-DEC64C15DDE3}.Debug|x64.Build.0 = Debug|Any CPU
		{40AEADD2-E615-4F44-A257-DEC64C15DDE3}.Debug|x86.ActiveCfg = Debug|Any CPU
		{40AEADD2-E615-4F44-A257-DEC64C15DDE3}.Debug|x86.Build.0 = Debug|Any CPU
		{40AEADD2-E615-4F44-A257-DEC64C15DDE3}.Release|Any CPU.ActiveCfg = Release|Any CPU
		{40AEADD2-E615-4F44-A257-DEC64C15DDE3}.Release|Any CPU.Build.0 = Release|Any CPU
		{40AEADD2-E615-4F44-A257-DEC64C15DDE3}.Release|x64.ActiveCfg = Release|Any CPU
		{40AEADD2-E615-4F44-A257-DEC64C15DDE3}.Release|x64.Build.0 = Release|Any CPU
		{40AEADD2-E615-4F44-A257-DEC64C15DDE3}.Release|x86.ActiveCfg = Release|Any CPU
		{40AEADD2-E615-4F44-A257-DEC64C15DDE3}.Release|x86.Build.0 = Release|Any CPU
		{50DAD754-9D44-4127-9B35-D72A8657B056}.Debug|Any CPU.ActiveCfg = Debug|Any CPU
		{50DAD754-9D44-4127-9B35-D72A8657B056}.Debug|Any CPU.Build.0 = Debug|Any CPU
		{50DAD754-9D44-4127-9B35-D72A8657B056}.Debug|x64.ActiveCfg = Debug|Any CPU
		{50DAD754-9D44-4127-9B35-D72A8657B056}.Debug|x64.Build.0 = Debug|Any CPU
		{50DAD754-9D44-4127-9B35-D72A8657B056}.Debug|x86.ActiveCfg = Debug|Any CPU
		{50DAD754-9D44-4127-9B35-D72A8657B056}.Debug|x86.Build.0 = Debug|Any CPU
		{50DAD754-9D44-4127-9B35-D72A8657B056}.Release|Any CPU.ActiveCfg = Release|Any CPU
		{50DAD754-9D44-4127-9B35-D72A8657B056}.Release|Any CPU.Build.0 = Release|Any CPU
		{50DAD754-9D44-4127-9B35-D72A8657B056}.Release|x64.ActiveCfg = Release|Any CPU
		{50DAD754-9D44-4127-9B35-D72A8657B056}.Release|x64.Build.0 = Release|Any CPU
		{50DAD754-9D44-4127-9B35-D72A8657B056}.Release|x86.ActiveCfg = Release|Any CPU
		{50DAD754-9D44-4127-9B35-D72A8657B056}.Release|x86.Build.0 = Release|Any CPU
		{BFFB8D0E-D7C0-482D-9F7E-B3E42E14A42F}.Debug|Any CPU.ActiveCfg = Debug|Any CPU
		{BFFB8D0E-D7C0-482D-9F7E-B3E42E14A42F}.Debug|Any CPU.Build.0 = Debug|Any CPU
		{BFFB8D0E-D7C0-482D-9F7E-B3E42E14A42F}.Debug|x64.ActiveCfg = Debug|Any CPU
		{BFFB8D0E-D7C0-482D-9F7E-B3E42E14A42F}.Debug|x64.Build.0 = Debug|Any CPU
		{BFFB8D0E-D7C0-482D-9F7E-B3E42E14A42F}.Debug|x86.ActiveCfg = Debug|Any CPU
		{BFFB8D0E-D7C0-482D-9F7E-B3E42E14A42F}.Debug|x86.Build.0 = Debug|Any CPU
		{BFFB8D0E-D7C0-482D-9F7E-B3E42E14A42F}.Release|Any CPU.ActiveCfg = Release|Any CPU
		{BFFB8D0E-D7C0-482D-9F7E-B3E42E14A42F}.Release|Any CPU.Build.0 = Release|Any CPU
		{BFFB8D0E-D7C0-482D-9F7E-B3E42E14A42F}.Release|x64.ActiveCfg = Release|Any CPU
		{BFFB8D0E-D7C0-482D-9F7E-B3E42E14A42F}.Release|x64.Build.0 = Release|Any CPU
		{BFFB8D0E-D7C0-482D-9F7E-B3E42E14A42F}.Release|x86.ActiveCfg = Release|Any CPU
		{BFFB8D0E-D7C0-482D-9F7E-B3E42E14A42F}.Release|x86.Build.0 = Release|Any CPU
		{A2FCA48F-CDCA-4C49-BB60-6A0D4035BF25}.Debug|Any CPU.ActiveCfg = Debug|Any CPU
		{A2FCA48F-CDCA-4C49-BB60-6A0D4035BF25}.Debug|Any CPU.Build.0 = Debug|Any CPU
		{A2FCA48F-CDCA-4C49-BB60-6A0D4035BF25}.Debug|x64.ActiveCfg = Debug|Any CPU
		{A2FCA48F-CDCA-4C49-BB60-6A0D4035BF25}.Debug|x64.Build.0 = Debug|Any CPU
		{A2FCA48F-CDCA-4C49-BB60-6A0D4035BF25}.Debug|x86.ActiveCfg = Debug|Any CPU
		{A2FCA48F-CDCA-4C49-BB60-6A0D4035BF25}.Debug|x86.Build.0 = Debug|Any CPU
		{A2FCA48F-CDCA-4C49-BB60-6A0D4035BF25}.Release|Any CPU.ActiveCfg = Release|Any CPU
		{A2FCA48F-CDCA-4C49-BB60-6A0D4035BF25}.Release|Any CPU.Build.0 = Release|Any CPU
		{A2FCA48F-CDCA-4C49-BB60-6A0D4035BF25}.Release|x64.ActiveCfg = Release|Any CPU
		{A2FCA48F-CDCA-4C49-BB60-6A0D4035BF25}.Release|x64.Build.0 = Release|Any CPU
		{A2FCA48F-CDCA-4C49-BB60-6A0D4035BF25}.Release|x86.ActiveCfg = Release|Any CPU
		{A2FCA48F-CDCA-4C49-BB60-6A0D4035BF25}.Release|x86.Build.0 = Release|Any CPU
		{68DDED90-E49B-40AB-9877-739AF1D6C3DD}.Debug|Any CPU.ActiveCfg = Debug|Any CPU
		{68DDED90-E49B-40AB-9877-739AF1D6C3DD}.Debug|Any CPU.Build.0 = Debug|Any CPU
		{68DDED90-E49B-40AB-9877-739AF1D6C3DD}.Debug|x64.ActiveCfg = Debug|Any CPU
		{68DDED90-E49B-40AB-9877-739AF1D6C3DD}.Debug|x64.Build.0 = Debug|Any CPU
		{68DDED90-E49B-40AB-9877-739AF1D6C3DD}.Debug|x86.ActiveCfg = Debug|Any CPU
		{68DDED90-E49B-40AB-9877-739AF1D6C3DD}.Debug|x86.Build.0 = Debug|Any CPU
		{68DDED90-E49B-40AB-9877-739AF1D6C3DD}.Release|Any CPU.ActiveCfg = Release|Any CPU
		{68DDED90-E49B-40AB-9877-739AF1D6C3DD}.Release|Any CPU.Build.0 = Release|Any CPU
		{68DDED90-E49B-40AB-9877-739AF1D6C3DD}.Release|x64.ActiveCfg = Release|Any CPU
		{68DDED90-E49B-40AB-9877-739AF1D6C3DD}.Release|x64.Build.0 = Release|Any CPU
		{68DDED90-E49B-40AB-9877-739AF1D6C3DD}.Release|x86.ActiveCfg = Release|Any CPU
		{68DDED90-E49B-40AB-9877-739AF1D6C3DD}.Release|x86.Build.0 = Release|Any CPU
		{E3FA3796-4EFB-45C7-86F8-4431F46AB7F8}.Debug|Any CPU.ActiveCfg = Debug|Any CPU
		{E3FA3796-4EFB-45C7-86F8-4431F46AB7F8}.Debug|Any CPU.Build.0 = Debug|Any CPU
		{E3FA3796-4EFB-45C7-86F8-4431F46AB7F8}.Debug|x64.ActiveCfg = Debug|Any CPU
		{E3FA3796-4EFB-45C7-86F8-4431F46AB7F8}.Debug|x64.Build.0 = Debug|Any CPU
		{E3FA3796-4EFB-45C7-86F8-4431F46AB7F8}.Debug|x86.ActiveCfg = Debug|Any CPU
		{E3FA3796-4EFB-45C7-86F8-4431F46AB7F8}.Debug|x86.Build.0 = Debug|Any CPU
		{E3FA3796-4EFB-45C7-86F8-4431F46AB7F8}.Release|Any CPU.ActiveCfg = Release|Any CPU
		{E3FA3796-4EFB-45C7-86F8-4431F46AB7F8}.Release|Any CPU.Build.0 = Release|Any CPU
		{E3FA3796-4EFB-45C7-86F8-4431F46AB7F8}.Release|x64.ActiveCfg = Release|Any CPU
		{E3FA3796-4EFB-45C7-86F8-4431F46AB7F8}.Release|x64.Build.0 = Release|Any CPU
		{E3FA3796-4EFB-45C7-86F8-4431F46AB7F8}.Release|x86.ActiveCfg = Release|Any CPU
		{E3FA3796-4EFB-45C7-86F8-4431F46AB7F8}.Release|x86.Build.0 = Release|Any CPU
		{1CDF0A91-3DEC-4700-BD7F-792A244EE8F7}.Debug|Any CPU.ActiveCfg = Debug|Any CPU
		{1CDF0A91-3DEC-4700-BD7F-792A244EE8F7}.Debug|Any CPU.Build.0 = Debug|Any CPU
		{1CDF0A91-3DEC-4700-BD7F-792A244EE8F7}.Debug|x64.ActiveCfg = Debug|Any CPU
		{1CDF0A91-3DEC-4700-BD7F-792A244EE8F7}.Debug|x64.Build.0 = Debug|Any CPU
		{1CDF0A91-3DEC-4700-BD7F-792A244EE8F7}.Debug|x86.ActiveCfg = Debug|Any CPU
		{1CDF0A91-3DEC-4700-BD7F-792A244EE8F7}.Debug|x86.Build.0 = Debug|Any CPU
		{1CDF0A91-3DEC-4700-BD7F-792A244EE8F7}.Release|Any CPU.ActiveCfg = Release|Any CPU
		{1CDF0A91-3DEC-4700-BD7F-792A244EE8F7}.Release|Any CPU.Build.0 = Release|Any CPU
		{1CDF0A91-3DEC-4700-BD7F-792A244EE8F7}.Release|x64.ActiveCfg = Release|Any CPU
		{1CDF0A91-3DEC-4700-BD7F-792A244EE8F7}.Release|x64.Build.0 = Release|Any CPU
		{1CDF0A91-3DEC-4700-BD7F-792A244EE8F7}.Release|x86.ActiveCfg = Release|Any CPU
		{1CDF0A91-3DEC-4700-BD7F-792A244EE8F7}.Release|x86.Build.0 = Release|Any CPU
		{F379A7C2-9A5A-4521-9957-AE08783F2048}.Debug|Any CPU.ActiveCfg = Debug|Any CPU
		{F379A7C2-9A5A-4521-9957-AE08783F2048}.Debug|Any CPU.Build.0 = Debug|Any CPU
		{F379A7C2-9A5A-4521-9957-AE08783F2048}.Debug|x64.ActiveCfg = Debug|Any CPU
		{F379A7C2-9A5A-4521-9957-AE08783F2048}.Debug|x64.Build.0 = Debug|Any CPU
		{F379A7C2-9A5A-4521-9957-AE08783F2048}.Debug|x86.ActiveCfg = Debug|Any CPU
		{F379A7C2-9A5A-4521-9957-AE08783F2048}.Debug|x86.Build.0 = Debug|Any CPU
		{F379A7C2-9A5A-4521-9957-AE08783F2048}.Release|Any CPU.ActiveCfg = Release|Any CPU
		{F379A7C2-9A5A-4521-9957-AE08783F2048}.Release|Any CPU.Build.0 = Release|Any CPU
		{F379A7C2-9A5A-4521-9957-AE08783F2048}.Release|x64.ActiveCfg = Release|Any CPU
		{F379A7C2-9A5A-4521-9957-AE08783F2048}.Release|x64.Build.0 = Release|Any CPU
		{F379A7C2-9A5A-4521-9957-AE08783F2048}.Release|x86.ActiveCfg = Release|Any CPU
		{F379A7C2-9A5A-4521-9957-AE08783F2048}.Release|x86.Build.0 = Release|Any CPU
		{505A2D98-C084-4077-999D-A635DA2AB2E5}.Debug|Any CPU.ActiveCfg = Debug|Any CPU
		{505A2D98-C084-4077-999D-A635DA2AB2E5}.Debug|Any CPU.Build.0 = Debug|Any CPU
		{505A2D98-C084-4077-999D-A635DA2AB2E5}.Debug|x64.ActiveCfg = Debug|Any CPU
		{505A2D98-C084-4077-999D-A635DA2AB2E5}.Debug|x64.Build.0 = Debug|Any CPU
		{505A2D98-C084-4077-999D-A635DA2AB2E5}.Debug|x86.ActiveCfg = Debug|Any CPU
		{505A2D98-C084-4077-999D-A635DA2AB2E5}.Debug|x86.Build.0 = Debug|Any CPU
		{505A2D98-C084-4077-999D-A635DA2AB2E5}.Release|Any CPU.ActiveCfg = Release|Any CPU
		{505A2D98-C084-4077-999D-A635DA2AB2E5}.Release|Any CPU.Build.0 = Release|Any CPU
		{505A2D98-C084-4077-999D-A635DA2AB2E5}.Release|x64.ActiveCfg = Release|Any CPU
		{505A2D98-C084-4077-999D-A635DA2AB2E5}.Release|x64.Build.0 = Release|Any CPU
		{505A2D98-C084-4077-999D-A635DA2AB2E5}.Release|x86.ActiveCfg = Release|Any CPU
		{505A2D98-C084-4077-999D-A635DA2AB2E5}.Release|x86.Build.0 = Release|Any CPU
	EndGlobalSection
	GlobalSection(SolutionProperties) = preSolution
		HideSolutionNode = FALSE
	EndGlobalSection
	GlobalSection(NestedProjects) = preSolution
		{4F287354-5F66-40AE-81EF-D8CC88C3FDFF} = {67E59A64-B5DA-46B9-96E0-62978ED4A7FE}
		{1A3169F1-3CA1-4CD5-B1A5-500D1E400F30} = {4F287354-5F66-40AE-81EF-D8CC88C3FDFF}
		{40AEADD2-E615-4F44-A257-DEC64C15DDE3} = {4F287354-5F66-40AE-81EF-D8CC88C3FDFF}
		{50DAD754-9D44-4127-9B35-D72A8657B056} = {4F287354-5F66-40AE-81EF-D8CC88C3FDFF}
		{BFFB8D0E-D7C0-482D-9F7E-B3E42E14A42F} = {4F287354-5F66-40AE-81EF-D8CC88C3FDFF}
		{802A1162-233A-4CFC-842F-D94894E209C4} = {2C6AFFC0-B340-4B5C-9762-3DA26AE84965}
		{A2FCA48F-CDCA-4C49-BB60-6A0D4035BF25} = {802A1162-233A-4CFC-842F-D94894E209C4}
		{68DDED90-E49B-40AB-9877-739AF1D6C3DD} = {802A1162-233A-4CFC-842F-D94894E209C4}
		{E3FA3796-4EFB-45C7-86F8-4431F46AB7F8} = {802A1162-233A-4CFC-842F-D94894E209C4}
		{1CDF0A91-3DEC-4700-BD7F-792A244EE8F7} = {802A1162-233A-4CFC-842F-D94894E209C4}
		{505A2D98-C084-4077-999D-A635DA2AB2E5} = {25D181DD-5CC9-F0B3-C64F-91E1AA77FD70}
	EndGlobalSection
EndGlobal
